
Microsoft Visual Studio Solution File, Format Version 12.00
# Visual Studio Version 16
VisualStudioVersion = 16.0.29709.97
MinimumVisualStudioVersion = 10.0.40219.1
Project("{9A19103F-16F7-4668-BE54-9A1E7A4F7556}") = "CoreHierarchyService", "CoreHierarchyService\CoreHierarchyService.csproj", "{4CA93848-F73C-482A-A727-149F9F6A18C4}"
EndProject
Project("{2150E333-8FDC-42A3-9474-1A3956D46DE8}") = "Build", "Build", "{12A271F6-49BA-40F6-A0C1-8353289AE724}"
	ProjectSection(SolutionItems) = preProject
		.gitattributes = .gitattributes
		.gitignore = .gitignore
		gulpfile.js = gulpfile.js
		nuget.config = nuget.config
		package.json = package.json
		README.md = README.md
		ReleaseNotes.md = ReleaseNotes.md
	EndProjectSection
EndProject
Global
	GlobalSection(SolutionConfigurationPlatforms) = preSolution
		Debug|Any CPU = Debug|Any CPU
		Release|Any CPU = Release|Any CPU
	EndGlobalSection
	GlobalSection(ProjectConfigurationPlatforms) = postSolution
		{4CA93848-F73C-482A-A727-149F9F6A18C4}.Debug|Any CPU.ActiveCfg = Debug|Any CPU
		{4CA93848-F73C-482A-A727-149F9F6A18C4}.Debug|Any CPU.Build.0 = Debug|Any CPU
		{4CA93848-F73C-482A-A727-149F9F6A18C4}.Release|Any CPU.ActiveCfg = Release|Any CPU
		{4CA93848-F73C-482A-A727-149F9F6A18C4}.Release|Any CPU.Build.0 = Release|Any CPU
	EndGlobalSection
	GlobalSection(SolutionProperties) = preSolution
		HideSolutionNode = FALSE
	EndGlobalSection
	GlobalSection(ExtensibilityGlobals) = postSolution
		SolutionGuid = {F942DE40-6D46-45BA-ABF3-D4A0636342FE}
	EndGlobalSection
EndGlobal
